schema: '2.0'
stages:
  prepare:
    cmd: python3 src/prepare.py
    deps:
    - path: src/prepare.py
      md5: 887ad182b2894bf666e082037e505984
      size: 1434
    outs:
    - path: data/prepared
      md5: d59c5a31b72f03291a7a6e8110ae7da2.dir
      size: 1171851
      nfiles: 1
  train:
    cmd: python3 src/train.py data/prepared data/features model_dt.pkl
    deps:
    - path: data/features
      md5: 73c0e7bfefa2c1f9e6f08c14e10b2787.dir
      size: 69
      nfiles: 1
    - path: data/prepared
      md5: d59c5a31b72f03291a7a6e8110ae7da2.dir
      size: 1171851
      nfiles: 1
    - path: src/train.py
      md5: 2d357dc040dd4d0f13a2dae47bb9e642
      size: 1406
    params:
      params.yaml:
        train:
          test_size: 0.3
          random_state: 100
          criterion: gini
          max_depth: 5
          min_samples_leaf: 5
    outs:
    - path: data/test
      md5: 33bd8e8d03acd3f79ff180f4f557d38a.dir
      size: 626631
      nfiles: 2
    - path: model_dt.pkl
      md5: e5ba6965da916508dd7a0a960a54caf0
      size: 4730
  evaluate:
    cmd: python3 src/evaluate.py model_dt.pkl data/test accuracy_file.json plots_file.json
    deps:
    - path: data/test
      md5: 33bd8e8d03acd3f79ff180f4f557d38a.dir
      size: 626631
      nfiles: 2
    - path: model_dt.pkl
      md5: e5ba6965da916508dd7a0a960a54caf0
      size: 4730
    - path: src/evaluate.py
      md5: 9da2c4d4e72e45b0bae4a299cf97f8ff
      size: 827
    outs:
    - path: accuracy_file.json
      md5: 35a83d0513f5b6266c746e99c949023f
      size: 26
    - path: plots_file.json
      md5: 69db476fdcba0171a7ae75e43499d42b
      size: 43
  feature:
    cmd: python3 src/feature.py data/prepared
    deps:
    - path: data/prepared
      md5: d59c5a31b72f03291a7a6e8110ae7da2.dir
      size: 1171851
      nfiles: 1
    - path: src/feature.py
      md5: 35a820986f96481637d5b1f31352064d
      size: 1640
    outs:
    - path: data/features
      md5: 73c0e7bfefa2c1f9e6f08c14e10b2787.dir
      size: 69
      nfiles: 1
