schema: '2.0'
stages:
  prepare:
    cmd: python3 src/prepare.py
    deps:
    - path: src/prepare.py
      md5: a600f1d48d563cc900bd6f3cc8e42bb3
      size: 1465
    outs:
    - path: data/prepared
      md5: 6201550ec5cb8338f2bc93e118b13c04.dir
      size: 1106724
      nfiles: 1
  train:
    cmd: python3 src/train.py data/prepared model_dt.pkl
    deps:
    - path: data/prepared
      md5: 6201550ec5cb8338f2bc93e118b13c04.dir
      size: 1106724
      nfiles: 1
    - path: src/train.py
      md5: 79b895b5b65d62429bb672bb3acdf511
      size: 1340
    params:
      params.yaml:
        train:
          test_size: 0.3
          random_state: 100
          criterion: gini
          max_depth: 5
          min_samples_leaf: 5
    outs:
    - path: data/test
      md5: 5896c41e5976a5e8efffd12b20573673.dir
      size: 859994
      nfiles: 2
    - path: model_dt.pkl
      md5: 7ccd9e70e6ebcf6bd6e1b562af3b5ca9
      size: 50595
  evaluate:
    cmd: python3 src/evaluate.py model_dt.pkl data/test accuracy_file.json plots_file.json
    deps:
    - path: data/test
      md5: 5896c41e5976a5e8efffd12b20573673.dir
      size: 859994
      nfiles: 2
    - path: model_dt.pkl
      md5: 7ccd9e70e6ebcf6bd6e1b562af3b5ca9
      size: 50595
    - path: src/evaluate.py
      md5: 1a80ac959862e50828b95cd9c8e10e96
      size: 807
    outs:
    - path: accuracy_file.json
      md5: c2468101c3a778e6d562f52d121a62a6
      size: 26
    - path: plots_file.json
      md5: d60f9a327e875f19660e63c81b2ca88f
      size: 43
