schema: '2.0'
stages:
  prepare:
    cmd: python3 src/prepare.py
    deps:
    - path: src/prepare.py
      md5: 887ad182b2894bf666e082037e505984
      size: 1434
    outs:
    - path: data/prepared
      md5: d59c5a31b72f03291a7a6e8110ae7da2.dir
      size: 1171851
      nfiles: 1
  train:
    cmd: python3 src/train.py data/prepared data/features model_dt.pkl
    deps:
    - path: data/features
      md5: 73c0e7bfefa2c1f9e6f08c14e10b2787.dir
      size: 69
      nfiles: 1
    - path: data/prepared
      md5: d59c5a31b72f03291a7a6e8110ae7da2.dir
      size: 1171851
      nfiles: 1
    - path: src/train.py
      md5: 2d357dc040dd4d0f13a2dae47bb9e642
      size: 1406
    params:
      params.yaml:
        train:
          test_size: 0.1
          random_state: 123
          criterion: gini
          max_depth: 5
          min_samples_leaf: 5
    outs:
    - path: data/test
      md5: 16699503c80f3309a4ceb3dadf71c3c9.dir
      size: 209836
      nfiles: 2
    - path: model_dt.pkl
      md5: b9822734d43321da8de5443549011588
      size: 4874
  evaluate:
    cmd: python3 src/evaluate.py model_dt.pkl data/test accuracy_file.json plots_file.json
    deps:
    - path: data/test
      md5: 16699503c80f3309a4ceb3dadf71c3c9.dir
      size: 209836
      nfiles: 2
    - path: model_dt.pkl
      md5: b9822734d43321da8de5443549011588
      size: 4874
    - path: src/evaluate.py
      md5: 9da2c4d4e72e45b0bae4a299cf97f8ff
      size: 827
    outs:
    - path: accuracy_file.json
      md5: 821c5f48fa00a91abd69322d44ca840b
      size: 26
    - path: plots_file.json
      md5: 28159365d61891565f72ba076de7a63c
      size: 43
  feature:
    cmd: python3 src/feature.py data/prepared
    deps:
    - path: data/prepared
      md5: d59c5a31b72f03291a7a6e8110ae7da2.dir
      size: 1171851
      nfiles: 1
    - path: src/feature.py
      md5: 35a820986f96481637d5b1f31352064d
      size: 1640
    outs:
    - path: data/features
      md5: 73c0e7bfefa2c1f9e6f08c14e10b2787.dir
      size: 69
      nfiles: 1
